
Microsoft Visual Studio Solution File, Format Version 12.00
# Visual Studio Version 16
VisualStudioVersion = 16.0.29911.84
MinimumVisualStudioVersion = 10.0.40219.1
Project("{9A19103F-16F7-4668-BE54-9A1E7A4F7556}") = "DistributedCaching.Infrastructure", "DistributedCaching.Infrastructure\DistributedCaching.Infrastructure.csproj", "{8F3FB7AF-40AC-4A4E-90CC-E9A4A58E87FE}"
EndProject
Project("{9A19103F-16F7-4668-BE54-9A1E7A4F7556}") = "ApplicationCore", "ApplicationCore\ApplicationCore.csproj", "{A581D08B-5B78-410A-A1FB-11CD6993721A}"
EndProject
Project("{FAE04EC0-301F-11D3-BF4B-00C04F79EFBC}") = "DistributedCaching.UI", "DistributedCaching.UI\DistributedCaching.UI.csproj", "{AF08F371-BDDF-4EAD-8E42-6A2CE1B2DFF0}"
EndProject
Global
	GlobalSection(SolutionConfigurationPlatforms) = preSolution
		Debug|Any CPU = Debug|Any CPU
		Release|Any CPU = Release|Any CPU
	EndGlobalSection
	GlobalSection(ProjectConfigurationPlatforms) = postSolution
		{8F3FB7AF-40AC-4A4E-90CC-E9A4A58E87FE}.Debug|Any CPU.ActiveCfg = Debug|Any CPU
		{8F3FB7AF-40AC-4A4E-90CC-E9A4A58E87FE}.Debug|Any CPU.Build.0 = Debug|Any CPU
		{8F3FB7AF-40AC-4A4E-90CC-E9A4A58E87FE}.Release|Any CPU.ActiveCfg = Release|Any CPU
		{8F3FB7AF-40AC-4A4E-90CC-E9A4A58E87FE}.Release|Any CPU.Build.0 = Release|Any CPU
		{A581D08B-5B78-410A-A1FB-11CD6993721A}.Debug|Any CPU.ActiveCfg = Debug|Any CPU
		{A581D08B-5B78-410A-A1FB-11CD6993721A}.Debug|Any CPU.Build.0 = Debug|Any CPU
		{A581D08B-5B78-410A-A1FB-11CD6993721A}.Release|Any CPU.ActiveCfg = Release|Any CPU
		{A581D08B-5B78-410A-A1FB-11CD6993721A}.Release|Any CPU.Build.0 = Release|Any CPU
		{AF08F371-BDDF-4EAD-8E42-6A2CE1B2DFF0}.Debug|Any CPU.ActiveCfg = Debug|Any CPU
		{AF08F371-BDDF-4EAD-8E42-6A2CE1B2DFF0}.Debug|Any CPU.Build.0 = Debug|Any CPU
		{AF08F371-BDDF-4EAD-8E42-6A2CE1B2DFF0}.Release|Any CPU.ActiveCfg = Release|Any CPU
		{AF08F371-BDDF-4EAD-8E42-6A2CE1B2DFF0}.Release|Any CPU.Build.0 = Release|Any CPU
	EndGlobalSection
	GlobalSection(SolutionProperties) = preSolution
		HideSolutionNode = FALSE
	EndGlobalSection
	GlobalSection(ExtensibilityGlobals) = postSolution
		SolutionGuid = {78CDA051-3369-4D4A-A23C-B4FCC38949BC}
	EndGlobalSection
EndGlobal
